
Microsoft Visual Studio Solution File, Format Version 12.00
Project("{FAE04EC0-301F-11D3-BF4B-00C04F79EFBC}") = "CSharpAlgorithms", "CSharpAlgorithms\CSharpAlgorithms.csproj", "{11BF9A90-0557-4DAB-8B88-6BF0F5552C89}"
EndProject
Global
	GlobalSection(SolutionConfigurationPlatforms) = preSolution
		Debug|Any CPU = Debug|Any CPU
		Release|Any CPU = Release|Any CPU
	EndGlobalSection
	GlobalSection(ProjectConfigurationPlatforms) = postSolution
		{11BF9A90-0557-4DAB-8B88-6BF0F5552C89}.Debug|Any CPU.ActiveCfg = Debug|Any CPU
		{11BF9A90-0557-4DAB-8B88-6BF0F5552C89}.Debug|Any CPU.Build.0 = Debug|Any CPU
		{11BF9A90-0557-4DAB-8B88-6BF0F5552C89}.Release|Any CPU.ActiveCfg = Release|Any CPU
		{11BF9A90-0557-4DAB-8B88-6BF0F5552C89}.Release|Any CPU.Build.0 = Release|Any CPU
	EndGlobalSection
EndGlobal
